Microsoft Visual Studio Solution File, Format Version 12.00
# Visual Studio Version 17
VisualStudioVersion = 17.5.2.0
MinimumVisualStudioVersion = 10.0.40219.1
Project("{FAE04EC0-301F-11D3-BF4B-00C04F79EFBC}") = "vdenv", "vdenv.csproj", "{6C88879F-F920-536F-7F3D-241C6B86EE70}"
EndProject
Global
	GlobalSection(SolutionConfigurationPlatforms) = preSolution
		Debug|Any CPU = Debug|Any CPU
		Release|Any CPU = Release|Any CPU
	EndGlobalSection
	GlobalSection(ProjectConfigurationPlatforms) = postSolution
		{6C88879F-F920-536F-7F3D-241C6B86EE70}.Debug|Any CPU.ActiveCfg = Debug|Any CPU
		{6C88879F-F920-536F-7F3D-241C6B86EE70}.Debug|Any CPU.Build.0 = Debug|Any CPU
		{6C88879F-F920-536F-7F3D-241C6B86EE70}.Release|Any CPU.ActiveCfg = Release|Any CPU
		{6C88879F-F920-536F-7F3D-241C6B86EE70}.Release|Any CPU.Build.0 = Release|Any CPU
	EndGlobalSection
	GlobalSection(SolutionProperties) = preSolution
		HideSolutionNode = FALSE
	EndGlobalSection
	GlobalSection(ExtensibilityGlobals) = postSolution
		SolutionGuid = {051BE0B7-38BF-42E9-876D-A41B1C763C69}
	EndGlobalSection
EndGlobal
